
Microsoft Visual Studio Solution File, Format Version 12.00
# Visual Studio Version 16
VisualStudioVersion = 16.0.31129.286
MinimumVisualStudioVersion = 10.0.40219.1
Project("{FAE04EC0-301F-11D3-BF4B-00C04F79EFBC}") = "Kaizenko.GildedRose", "Kaizenko.GildedRose\Kaizenko.GildedRose.csproj", "{2D738522-6D3E-4B2D-8CCF-2A0FC7E7A769}"
EndProject
Project("{FAE04EC0-301F-11D3-BF4B-00C04F79EFBC}") = "Kaizenko.GildedRose.Tests", "Kaizenko.GildedRose.Tests\Kaizenko.GildedRose.Tests.csproj", "{5C505452-E59A-459E-B4D8-20BA609BEE98}"
EndProject
Project("{FAE04EC0-301F-11D3-BF4B-00C04F79EFBC}") = "Kaizenko.TripService", "Kaizenko.TripService\Kaizenko.TripService.csproj", "{140C22BA-DD0C-41C3-90BA-A13FCB370423}"
EndProject
Project("{FAE04EC0-301F-11D3-BF4B-00C04F79EFBC}") = "Kaizenko.TripService.Tests", "Kaizenko.TripService.Tests\Kaizenko.TripService.Tests.csproj", "{F962C12F-B2F1-4A4E-ADB7-66D675CD3EF2}"
EndProject
Project("{FAE04EC0-301F-11D3-BF4B-00C04F79EFBC}") = "Kaizenko.ExpenseReport", "Kaizenko.ExpenseReport\Kaizenko.ExpenseReport.csproj", "{17F98083-831F-493F-8B09-779A3AB62C5F}"
EndProject
Project("{FAE04EC0-301F-11D3-BF4B-00C04F79EFBC}") = "Kaizenko.ExpenseReport.Tests", "Kaizenko.ExpenseReport.Tests\Kaizenko.ExpenseReport.Tests.csproj", "{AAC16902-A125-4872-A4A5-4820E4010811}"
EndProject
Global
	GlobalSection(SolutionConfigurationPlatforms) = preSolution
		Debug|Any CPU = Debug|Any CPU
		Release|Any CPU = Release|Any CPU
	EndGlobalSection
	GlobalSection(ProjectConfigurationPlatforms) = postSolution
		{2D738522-6D3E-4B2D-8CCF-2A0FC7E7A769}.Debug|Any CPU.ActiveCfg = Debug|Any CPU
		{2D738522-6D3E-4B2D-8CCF-2A0FC7E7A769}.Debug|Any CPU.Build.0 = Debug|Any CPU
		{2D738522-6D3E-4B2D-8CCF-2A0FC7E7A769}.Release|Any CPU.ActiveCfg = Release|Any CPU
		{2D738522-6D3E-4B2D-8CCF-2A0FC7E7A769}.Release|Any CPU.Build.0 = Release|Any CPU
		{5C505452-E59A-459E-B4D8-20BA609BEE98}.Debug|Any CPU.ActiveCfg = Debug|Any CPU
		{5C505452-E59A-459E-B4D8-20BA609BEE98}.Debug|Any CPU.Build.0 = Debug|Any CPU
		{5C505452-E59A-459E-B4D8-20BA609BEE98}.Release|Any CPU.ActiveCfg = Release|Any CPU
		{5C505452-E59A-459E-B4D8-20BA609BEE98}.Release|Any CPU.Build.0 = Release|Any CPU
		{140C22BA-DD0C-41C3-90BA-A13FCB370423}.Debug|Any CPU.ActiveCfg = Debug|Any CPU
		{140C22BA-DD0C-41C3-90BA-A13FCB370423}.Debug|Any CPU.Build.0 = Debug|Any CPU
		{140C22BA-DD0C-41C3-90BA-A13FCB370423}.Release|Any CPU.ActiveCfg = Release|Any CPU
		{140C22BA-DD0C-41C3-90BA-A13FCB370423}.Release|Any CPU.Build.0 = Release|Any CPU
		{F962C12F-B2F1-4A4E-ADB7-66D675CD3EF2}.Debug|Any CPU.ActiveCfg = Debug|Any CPU
		{F962C12F-B2F1-4A4E-ADB7-66D675CD3EF2}.Debug|Any CPU.Build.0 = Debug|Any CPU
		{F962C12F-B2F1-4A4E-ADB7-66D675CD3EF2}.Release|Any CPU.ActiveCfg = Release|Any CPU
		{F962C12F-B2F1-4A4E-ADB7-66D675CD3EF2}.Release|Any CPU.Build.0 = Release|Any CPU
		{17F98083-831F-493F-8B09-779A3AB62C5F}.Debug|Any CPU.ActiveCfg = Debug|Any CPU
		{17F98083-831F-493F-8B09-779A3AB62C5F}.Debug|Any CPU.Build.0 = Debug|Any CPU
		{17F98083-831F-493F-8B09-779A3AB62C5F}.Release|Any CPU.ActiveCfg = Release|Any CPU
		{17F98083-831F-493F-8B09-779A3AB62C5F}.Release|Any CPU.Build.0 = Release|Any CPU
		{AAC16902-A125-4872-A4A5-4820E4010811}.Debug|Any CPU.ActiveCfg = Debug|Any CPU
		{AAC16902-A125-4872-A4A5-4820E4010811}.Debug|Any CPU.Build.0 = Debug|Any CPU
		{AAC16902-A125-4872-A4A5-4820E4010811}.Release|Any CPU.ActiveCfg = Release|Any CPU
		{AAC16902-A125-4872-A4A5-4820E4010811}.Release|Any CPU.Build.0 = Release|Any CPU
	EndGlobalSection
	GlobalSection(SolutionProperties) = preSolution
		HideSolutionNode = FALSE
	EndGlobalSection
	GlobalSection(ExtensibilityGlobals) = postSolution
		SolutionGuid = {4BA3D199-B557-46E3-9520-32E65D7A96B5}
	EndGlobalSection
EndGlobal
